# THIS IS AN AUTOGENERATED FILE. DO NOT EDIT THIS FILE DIRECTLY.
# yarn lockfile v1


genetic-js@0.1.14:
  version "0.1.14"
  resolved "https://registry.yarnpkg.com/genetic-js/-/genetic-js-0.1.14.tgz#f2a884c807e7eaeaa0edb8f5ac88fdf08f4868e1"
  integrity sha1-8qiEyAfn6uqg7bj1rIj98I9IaOE=

keypress@0.2.1:
  version "0.2.1"
  resolved "https://registry.yarnpkg.com/keypress/-/keypress-0.2.1.tgz#1e80454250018dbad4c3fe94497d6e67b6269c77"
  integrity sha1-HoBFQlABjbrUw/6USX1uZ7YmnHc=

term-canvas@0.0.5:
  version "0.0.5"
  resolved "https://registry.yarnpkg.com/term-canvas/-/term-canvas-0.0.5.tgz#597afac2fa6369a6f17860bce9c5f66d6ea0ca96"
  integrity sha1-WXr6wvpjaabxeGC86cX2bW6gypY=
